
Microsoft Visual Studio Solution File, Format Version 12.00
# Visual Studio Version 17
VisualStudioVersion = 17.4.33122.133
MinimumVisualStudioVersion = 10.0.40219.1
Project("{FAE04EC0-301F-11D3-BF4B-00C04F79EFBC}") = "Student Database Lab", "Student Database Lab\Student Database Lab.csproj", "{BCBC9F4A-C269-4A5F-B0C3-761CC732D9BB}"
EndProject
Global
	GlobalSection(SolutionConfigurationPlatforms) = preSolution
		Debug|Any CPU = Debug|Any CPU
		Release|Any CPU = Release|Any CPU
	EndGlobalSection
	GlobalSection(ProjectConfigurationPlatforms) = postSolution
		{BCBC9F4A-C269-4A5F-B0C3-761CC732D9BB}.Debug|Any CPU.ActiveCfg = Debug|Any CPU
		{BCBC9F4A-C269-4A5F-B0C3-761CC732D9BB}.Debug|Any CPU.Build.0 = Debug|Any CPU
		{BCBC9F4A-C269-4A5F-B0C3-761CC732D9BB}.Release|Any CPU.ActiveCfg = Release|Any CPU
		{BCBC9F4A-C269-4A5F-B0C3-761CC732D9BB}.Release|Any CPU.Build.0 = Release|Any CPU
	EndGlobalSection
	GlobalSection(SolutionProperties) = preSolution
		HideSolutionNode = FALSE
	EndGlobalSection
	GlobalSection(ExtensibilityGlobals) = postSolution
		SolutionGuid = {FEEF7C9C-D638-4ABA-8D73-1431B6DF6081}
	EndGlobalSection
EndGlobal
